
Microsoft Visual Studio Solution File, Format Version 12.00
# Visual Studio Version 16
VisualStudioVersion = 16.0.31025.194
MinimumVisualStudioVersion = 10.0.40219.1
Project("{FAE04EC0-301F-11D3-BF4B-00C04F79EFBC}") = "ReferenceTypes", "ReferenceTypes\ReferenceTypes.csproj", "{3C184789-2F4E-4577-A7C3-665F3D07E73B}"
EndProject
Project("{FAE04EC0-301F-11D3-BF4B-00C04F79EFBC}") = "ValueTypes", "ValueTypes\ValueTypes.csproj", "{7EF68019-FB9C-49EC-9E3D-C5C076205FC6}"
EndProject
Project("{FAE04EC0-301F-11D3-BF4B-00C04F79EFBC}") = "Arithmetic", "Arithmetic\Arithmetic.csproj", "{3E0E6FFB-4CF8-4A24-A3D9-E9D9A6578F5B}"
EndProject
Project("{FAE04EC0-301F-11D3-BF4B-00C04F79EFBC}") = "Comparison", "Comparison\Comparison.csproj", "{CDCE09DC-F958-43EC-A040-6FF8AA5C0364}"
EndProject
Project("{FAE04EC0-301F-11D3-BF4B-00C04F79EFBC}") = "Conditionals", "Conditionals\Conditionals.csproj", "{3DA558FC-40AF-4F9F-9B3D-D22DA0EF043B}"
EndProject
Project("{FAE04EC0-301F-11D3-BF4B-00C04F79EFBC}") = "LoopExamples", "LoopExamples\LoopExamples.csproj", "{E7790879-F906-4C68-9839-858B63C6E3E7}"
EndProject
Project("{FAE04EC0-301F-11D3-BF4B-00C04F79EFBC}") = "Morning Challenge", "Morning Challenge\Morning Challenge.csproj", "{629F2CB3-8AFA-4F06-B970-B36D7FE72C43}"
EndProject
Project("{FAE04EC0-301F-11D3-BF4B-00C04F79EFBC}") = "Classes", "Classes\Classes.csproj", "{DE0DB4C9-E5B2-4A17-ABEF-D6F912ABC691}"
EndProject
Project("{FAE04EC0-301F-11D3-BF4B-00C04F79EFBC}") = "InheritanceClasses", "InheritanceClasses\InheritanceClasses.csproj", "{DAFF3935-6D5B-4C54-8732-A774A56BF475}"
EndProject
Project("{FAE04EC0-301F-11D3-BF4B-00C04F79EFBC}") = "RepositoryPatterns", "RepositoryPatterns\RepositoryPatterns.csproj", "{0F03D05D-CAC1-4450-B6F6-A855001263BA}"
EndProject
Project("{FAE04EC0-301F-11D3-BF4B-00C04F79EFBC}") = "StreamingContentRepositoryTest", "StreamingContentRepositoryTest\StreamingContentRepositoryTest.csproj", "{60DF9497-752F-488E-A510-A6DA8E8FB58B}"
EndProject
Project("{FAE04EC0-301F-11D3-BF4B-00C04F79EFBC}") = "StreamingContent_Inheritance", "StreamingContent_Inheritance\StreamingContent_Inheritance.csproj", "{B78CF8E5-8B34-44C5-B227-AAEA1B620880}"
EndProject
Global
	GlobalSection(SolutionConfigurationPlatforms) = preSolution
		Debug|Any CPU = Debug|Any CPU
		Release|Any CPU = Release|Any CPU
	EndGlobalSection
	GlobalSection(ProjectConfigurationPlatforms) = postSolution
		{3C184789-2F4E-4577-A7C3-665F3D07E73B}.Debug|Any CPU.ActiveCfg = Debug|Any CPU
		{3C184789-2F4E-4577-A7C3-665F3D07E73B}.Debug|Any CPU.Build.0 = Debug|Any CPU
		{3C184789-2F4E-4577-A7C3-665F3D07E73B}.Release|Any CPU.ActiveCfg = Release|Any CPU
		{3C184789-2F4E-4577-A7C3-665F3D07E73B}.Release|Any CPU.Build.0 = Release|Any CPU
		{7EF68019-FB9C-49EC-9E3D-C5C076205FC6}.Debug|Any CPU.ActiveCfg = Debug|Any CPU
		{7EF68019-FB9C-49EC-9E3D-C5C076205FC6}.Debug|Any CPU.Build.0 = Debug|Any CPU
		{7EF68019-FB9C-49EC-9E3D-C5C076205FC6}.Release|Any CPU.ActiveCfg = Release|Any CPU
		{7EF68019-FB9C-49EC-9E3D-C5C076205FC6}.Release|Any CPU.Build.0 = Release|Any CPU
		{3E0E6FFB-4CF8-4A24-A3D9-E9D9A6578F5B}.Debug|Any CPU.ActiveCfg = Debug|Any CPU
		{3E0E6FFB-4CF8-4A24-A3D9-E9D9A6578F5B}.Debug|Any CPU.Build.0 = Debug|Any CPU
		{3E0E6FFB-4CF8-4A24-A3D9-E9D9A6578F5B}.Release|Any CPU.ActiveCfg = Release|Any CPU
		{3E0E6FFB-4CF8-4A24-A3D9-E9D9A6578F5B}.Release|Any CPU.Build.0 = Release|Any CPU
		{CDCE09DC-F958-43EC-A040-6FF8AA5C0364}.Debug|Any CPU.ActiveCfg = Debug|Any CPU
		{CDCE09DC-F958-43EC-A040-6FF8AA5C0364}.Debug|Any CPU.Build.0 = Debug|Any CPU
		{CDCE09DC-F958-43EC-A040-6FF8AA5C0364}.Release|Any CPU.ActiveCfg = Release|Any CPU
		{CDCE09DC-F958-43EC-A040-6FF8AA5C0364}.Release|Any CPU.Build.0 = Release|Any CPU
		{3DA558FC-40AF-4F9F-9B3D-D22DA0EF043B}.Debug|Any CPU.ActiveCfg = Debug|Any CPU
		{3DA558FC-40AF-4F9F-9B3D-D22DA0EF043B}.Debug|Any CPU.Build.0 = Debug|Any CPU
		{3DA558FC-40AF-4F9F-9B3D-D22DA0EF043B}.Release|Any CPU.ActiveCfg = Release|Any CPU
		{3DA558FC-40AF-4F9F-9B3D-D22DA0EF043B}.Release|Any CPU.Build.0 = Release|Any CPU
		{E7790879-F906-4C68-9839-858B63C6E3E7}.Debug|Any CPU.ActiveCfg = Debug|Any CPU
		{E7790879-F906-4C68-9839-858B63C6E3E7}.Debug|Any CPU.Build.0 = Debug|Any CPU
		{E7790879-F906-4C68-9839-858B63C6E3E7}.Release|Any CPU.ActiveCfg = Release|Any CPU
		{E7790879-F906-4C68-9839-858B63C6E3E7}.Release|Any CPU.Build.0 = Release|Any CPU
		{629F2CB3-8AFA-4F06-B970-B36D7FE72C43}.Debug|Any CPU.ActiveCfg = Debug|Any CPU
		{629F2CB3-8AFA-4F06-B970-B36D7FE72C43}.Debug|Any CPU.Build.0 = Debug|Any CPU
		{629F2CB3-8AFA-4F06-B970-B36D7FE72C43}.Release|Any CPU.ActiveCfg = Release|Any CPU
		{629F2CB3-8AFA-4F06-B970-B36D7FE72C43}.Release|Any CPU.Build.0 = Release|Any CPU
		{DE0DB4C9-E5B2-4A17-ABEF-D6F912ABC691}.Debug|Any CPU.ActiveCfg = Debug|Any CPU
		{DE0DB4C9-E5B2-4A17-ABEF-D6F912ABC691}.Debug|Any CPU.Build.0 = Debug|Any CPU
		{DE0DB4C9-E5B2-4A17-ABEF-D6F912ABC691}.Release|Any CPU.ActiveCfg = Release|Any CPU
		{DE0DB4C9-E5B2-4A17-ABEF-D6F912ABC691}.Release|Any CPU.Build.0 = Release|Any CPU
		{DAFF3935-6D5B-4C54-8732-A774A56BF475}.Debug|Any CPU.ActiveCfg = Debug|Any CPU
		{DAFF3935-6D5B-4C54-8732-A774A56BF475}.Debug|Any CPU.Build.0 = Debug|Any CPU
		{DAFF3935-6D5B-4C54-8732-A774A56BF475}.Release|Any CPU.ActiveCfg = Release|Any CPU
		{DAFF3935-6D5B-4C54-8732-A774A56BF475}.Release|Any CPU.Build.0 = Release|Any CPU
		{0F03D05D-CAC1-4450-B6F6-A855001263BA}.Debug|Any CPU.ActiveCfg = Debug|Any CPU
		{0F03D05D-CAC1-4450-B6F6-A855001263BA}.Debug|Any CPU.Build.0 = Debug|Any CPU
		{0F03D05D-CAC1-4450-B6F6-A855001263BA}.Release|Any CPU.ActiveCfg = Release|Any CPU
		{0F03D05D-CAC1-4450-B6F6-A855001263BA}.Release|Any CPU.Build.0 = Release|Any CPU
		{60DF9497-752F-488E-A510-A6DA8E8FB58B}.Debug|Any CPU.ActiveCfg = Debug|Any CPU
		{60DF9497-752F-488E-A510-A6DA8E8FB58B}.Debug|Any CPU.Build.0 = Debug|Any CPU
		{60DF9497-752F-488E-A510-A6DA8E8FB58B}.Release|Any CPU.ActiveCfg = Release|Any CPU
		{60DF9497-752F-488E-A510-A6DA8E8FB58B}.Release|Any CPU.Build.0 = Release|Any CPU
		{B78CF8E5-8B34-44C5-B227-AAEA1B620880}.Debug|Any CPU.ActiveCfg = Debug|Any CPU
		{B78CF8E5-8B34-44C5-B227-AAEA1B620880}.Debug|Any CPU.Build.0 = Debug|Any CPU
		{B78CF8E5-8B34-44C5-B227-AAEA1B620880}.Release|Any CPU.ActiveCfg = Release|Any CPU
		{B78CF8E5-8B34-44C5-B227-AAEA1B620880}.Release|Any CPU.Build.0 = Release|Any CPU
	EndGlobalSection
	GlobalSection(SolutionProperties) = preSolution
		HideSolutionNode = FALSE
	EndGlobalSection
	GlobalSection(ExtensibilityGlobals) = postSolution
		SolutionGuid = {47A687B9-5E8A-4517-880B-8C2CC5AB0CCF}
	EndGlobalSection
EndGlobal
